
Microsoft Visual Studio Solution File, Format Version 12.00
# Visual Studio Version 17
VisualStudioVersion = 17.14.37301.10 d17.14
MinimumVisualStudioVersion = 10.0.40219.1
Project("{FAE04EC0-301F-11D3-BF4B-00C04F79EFBC}") = "IntroductionToDOTNET", "IntroductionToDOTNET\IntroductionToDOTNET.csproj", "{624EA204-11D9-4503-B277-5F460D3672BA}"
EndProject
Project("{FAE04EC0-301F-11D3-BF4B-00C04F79EFBC}") = "DataTypes", "DataTypes\DataTypes.csproj", "{0FF3186B-9A21-498E-847B-C706499CC627}"
EndProject
Global
	GlobalSection(SolutionConfigurationPlatforms) = preSolution
		Debug|Any CPU = Debug|Any CPU
		Release|Any CPU = Release|Any CPU
	EndGlobalSection
	GlobalSection(ProjectConfigurationPlatforms) = postSolution
		{624EA204-11D9-4503-B277-5F460D3672BA}.Debug|Any CPU.ActiveCfg = Debug|Any CPU
		{624EA204-11D9-4503-B277-5F460D3672BA}.Debug|Any CPU.Build.0 = Debug|Any CPU
		{624EA204-11D9-4503-B277-5F460D3672BA}.Release|Any CPU.ActiveCfg = Release|Any CPU
		{624EA204-11D9-4503-B277-5F460D3672BA}.Release|Any CPU.Build.0 = Release|Any CPU
		{0FF3186B-9A21-498E-847B-C706499CC627}.Debug|Any CPU.ActiveCfg = Debug|Any CPU
		{0FF3186B-9A21-498E-847B-C706499CC627}.Debug|Any CPU.Build.0 = Debug|Any CPU
		{0FF3186B-9A21-498E-847B-C706499CC627}.Release|Any CPU.ActiveCfg = Release|Any CPU
		{0FF3186B-9A21-498E-847B-C706499CC627}.Release|Any CPU.Build.0 = Release|Any CPU
	EndGlobalSection
	GlobalSection(SolutionProperties) = preSolution
		HideSolutionNode = FALSE
	EndGlobalSection
	GlobalSection(ExtensibilityGlobals) = postSolution
		SolutionGuid = {5E96E107-8F01-48A0-84EB-49133B312BBD}
	EndGlobalSection
EndGlobal
